
Microsoft Visual Studio Solution File, Format Version 12.00
# Visual Studio Version 16
VisualStudioVersion = 16.0.29519.181
MinimumVisualStudioVersion = 10.0.40219.1
Project("{9A19103F-16F7-4668-BE54-9A1E7A4F7556}") = "ConsoleApp1", "ConsoleApp1\ConsoleApp1.csproj", "{60485AA1-485E-4570-AA27-960B54683053}"
EndProject
Project("{9A19103F-16F7-4668-BE54-9A1E7A4F7556}") = "UnitTestProject", "UnitTestProject\UnitTestProject.csproj", "{C9143580-5BC2-4C06-8ECC-22A7CC4FCD09}"
EndProject
Global
	GlobalSection(SolutionConfigurationPlatforms) = preSolution
		Debug|Any CPU = Debug|Any CPU
		Release|Any CPU = Release|Any CPU
	EndGlobalSection
	GlobalSection(ProjectConfigurationPlatforms) = postSolution
		{60485AA1-485E-4570-AA27-960B54683053}.Debug|Any CPU.ActiveCfg = Debug|Any CPU
		{60485AA1-485E-4570-AA27-960B54683053}.Debug|Any CPU.Build.0 = Debug|Any CPU
		{60485AA1-485E-4570-AA27-960B54683053}.Release|Any CPU.ActiveCfg = Release|Any CPU
		{60485AA1-485E-4570-AA27-960B54683053}.Release|Any CPU.Build.0 = Release|Any CPU
		{C9143580-5BC2-4C06-8ECC-22A7CC4FCD09}.Debug|Any CPU.ActiveCfg = Debug|Any CPU
		{C9143580-5BC2-4C06-8ECC-22A7CC4FCD09}.Debug|Any CPU.Build.0 = Debug|Any CPU
		{C9143580-5BC2-4C06-8ECC-22A7CC4FCD09}.Release|Any CPU.ActiveCfg = Release|Any CPU
		{C9143580-5BC2-4C06-8ECC-22A7CC4FCD09}.Release|Any CPU.Build.0 = Release|Any CPU
	EndGlobalSection
	GlobalSection(SolutionProperties) = preSolution
		HideSolutionNode = FALSE
	EndGlobalSection
	GlobalSection(ExtensibilityGlobals) = postSolution
		SolutionGuid = {F5268CA6-341F-4CCD-BA69-DAAE32772DE1}
	EndGlobalSection
EndGlobal
